{
  "name": "dsh-profile-aemeath",
  "lockfileVersion": 3,
  "requires": true,
  "packages": {
    "": {
      "name": "dsh-profile-aemeath",
      "dependencies": {
        "@aemeath/dsh-plugin-common": "file:../../packages/shared/dsh-plugin-common",
        "@aemeath/dsh-plugin-worldbook": "file:../../packages/worldbook/dsh-plugin-worldbook"
      }
    },
    "../../packages/shared/dsh-plugin-common": {
      "name": "@aemeath/dsh-plugin-common",
      "version": "0.1.0",
      "license": "MIT",
      "devDependencies": {
        "@deepseek-ai/cordis": "^4.0.1",
        "@deepseek-ai/dsh-agent": "^0.1.0-rc.6",
        "@deepseek-ai/dsh-agent-presets": "^0.1.0-rc.6",
        "@deepseek-ai/dsh-system-prompt": "^0.1.0-rc.6",
        "@deepseek-ai/dsh-tools": "^0.1.0-rc.6",
        "@deepseek-ai/schemastery": "^3.18.1",
        "@types/node": "^24.0.0",
        "typescript": "^5.6.0"
      },
      "peerDependencies": {
        "@deepseek-ai/cordis": "^4.0.1",
        "@deepseek-ai/dsh-agent": "^0.1.0-rc.6",
        "@deepseek-ai/dsh-agent-presets": "^0.1.0-rc.6",
        "@deepseek-ai/dsh-system-prompt": "^0.1.0-rc.6",
        "@deepseek-ai/dsh-tools": "^0.1.0-rc.6",
        "@deepseek-ai/schemastery": "^3.18.1"
      }
    },
    "../../packages/worldbook/dsh-plugin-worldbook": {
      "name": "@aemeath/dsh-plugin-worldbook",
      "version": "0.1.0",
      "license": "MIT",
      "devDependencies": {
        "@deepseek-ai/cordis": "^4.0.1",
        "@deepseek-ai/dsh-agent-presets": "^0.1.0-rc.6",
        "@deepseek-ai/dsh-llm": "^0.1.0-rc.6",
        "@deepseek-ai/dsh-tools": "^0.1.0-rc.6",
        "@deepseek-ai/schemastery": "^3.18.1",
        "@types/node": "^24.0.0",
        "typescript": "^5.6.0"
      },
      "peerDependencies": {
        "@deepseek-ai/cordis": "^4.0.1",
        "@deepseek-ai/dsh-agent-presets": "^0.1.0-rc.6",
        "@deepseek-ai/dsh-llm": "^0.1.0-rc.6",
        "@deepseek-ai/dsh-tools": "^0.1.0-rc.6",
        "@deepseek-ai/schemastery": "^3.18.1"
      }
    },
    "node_modules/@aemeath/dsh-plugin-common": {
      "resolved": "../../packages/shared/dsh-plugin-common",
      "link": true
    },
    "node_modules/@aemeath/dsh-plugin-worldbook": {
      "resolved": "../../packages/worldbook/dsh-plugin-worldbook",
      "link": true
    }
  }
}
